{
  "name": "awfy-nish",
  "version": "0.0.1",
  "lockfileVersion": 3,
  "requires": true,
  "packages": {
    "": {
      "name": "awfy-nish",
      "version": "0.0.1",
      "license": "MIT",
      "devDependencies": {
        "@amritk/nish": "0.10.0"
      }
    },
    "node_modules/@amritk/nish": {
      "version": "0.10.0",
      "resolved": "https://registry.npmjs.org/@amritk/nish/-/nish-0.10.0.tgz",
      "integrity": "sha512-W8cRE5D4DsAIh4nnStBH88yZaAqXXHK0nrgwp5BDZ10vUTtS/ROvzMaXQW6V66cPQ9xmUgALpok13RUURRTpHA==",
      "dev": true,
      "hasInstallScript": true,
      "license": "MIT",
      "bin": {
        "nish": "bin/nish"
      },
      "engines": {
        "node": ">=22.18.0"
      },
      "optionalDependencies": {
        "@amritk/nish-aarch64-darwin": "0.10.0",
        "@amritk/nish-aarch64-linux": "0.10.0",
        "@amritk/nish-x86_64-darwin": "0.10.0",
        "@amritk/nish-x86_64-linux": "0.10.0"
      }
    },
    "node_modules/@amritk/nish-aarch64-darwin": {
      "version": "0.10.0",
      "resolved": "https://registry.npmjs.org/@amritk/nish-aarch64-darwin/-/nish-aarch64-darwin-0.10.0.tgz",
      "integrity": "sha512-ewQH6WngjkvsAhRVyJwYpeTWXh0ByhZyY2gX03MNGPkjspgPIs+eVMiyHVQ9R1j3SBisnBHjpEVtx+AR/amvRA==",
      "cpu": [
        "arm64"
      ],
      "dev": true,
      "license": "MIT",
      "optional": true,
      "os": [
        "darwin"
      ]
    },
    "node_modules/@amritk/nish-aarch64-linux": {
      "version": "0.10.0",
      "resolved": "https://registry.npmjs.org/@amritk/nish-aarch64-linux/-/nish-aarch64-linux-0.10.0.tgz",
      "integrity": "sha512-qFLfZMTN5mGsr7TD0TmK/q8IGlFc23K30OHcNr8YVuXrAyXereISzvHM0/mAf1Kl93JG3j87fZl0mPE6CGaYFQ==",
      "cpu": [
        "arm64"
      ],
      "dev": true,
      "license": "MIT",
      "optional": true,
      "os": [
        "linux"
      ]
    },
    "node_modules/@amritk/nish-x86_64-darwin": {
      "version": "0.10.0",
      "resolved": "https://registry.npmjs.org/@amritk/nish-x86_64-darwin/-/nish-x86_64-darwin-0.10.0.tgz",
      "integrity": "sha512-YuOleldh6t/ImKa2NdhPMMGJZMpisnkQSD/kkNs3+CfQvuITmn5J6Mbqc2OnFxHu98zUeJWJrj+GXzX2hK+/Jw==",
      "cpu": [
        "x64"
      ],
      "dev": true,
      "license": "MIT",
      "optional": true,
      "os": [
        "darwin"
      ]
    },
    "node_modules/@amritk/nish-x86_64-linux": {
      "version": "0.10.0",
      "resolved": "https://registry.npmjs.org/@amritk/nish-x86_64-linux/-/nish-x86_64-linux-0.10.0.tgz",
      "integrity": "sha512-8NdupdRsganvPiopBDFffy4v0FvVcGUe2EIZnXd3Dj+Ih2HuoL57eR2KSVShiyiTNNTgij/DiFuWPhoLwlfQaQ==",
      "cpu": [
        "x64"
      ],
      "dev": true,
      "license": "MIT",
      "optional": true,
      "os": [
        "linux"
      ]
    }
  }
}
