{
  "name": "awfy-nish",
  "version": "0.0.1",
  "lockfileVersion": 3,
  "requires": true,
  "packages": {
    "": {
      "name": "awfy-nish",
      "version": "0.0.1",
      "license": "MIT",
      "devDependencies": {
        "@amritk/nish": "0.11.0"
      }
    },
    "node_modules/@amritk/nish": {
      "version": "0.11.0",
      "resolved": "https://registry.npmjs.org/@amritk/nish/-/nish-0.11.0.tgz",
      "integrity": "sha512-KrzSjIQ3WD0vsqAIM3lkXtlBhQJoPKDpK22npapbkeV9aCe7Q1K80pi0QNSiH8PPtF40ST2ncDfPMQIbcBFOWQ==",
      "dev": true,
      "hasInstallScript": true,
      "license": "MIT",
      "bin": {
        "nish": "bin/nish"
      },
      "engines": {
        "node": ">=22.18.0"
      },
      "optionalDependencies": {
        "@amritk/nish-aarch64-darwin": "0.11.0",
        "@amritk/nish-aarch64-linux": "0.11.0",
        "@amritk/nish-x86_64-darwin": "0.11.0",
        "@amritk/nish-x86_64-linux": "0.11.0"
      }
    },
    "node_modules/@amritk/nish-aarch64-darwin": {
      "version": "0.11.0",
      "resolved": "https://registry.npmjs.org/@amritk/nish-aarch64-darwin/-/nish-aarch64-darwin-0.11.0.tgz",
      "integrity": "sha512-6QGBF6d+qBB7wTabXhQuBeWmClmjsO+qef+SdsbjOEERzzXeK3spXKSy2GKAlC+Cf349UB/Y15WgUMKSqcNWjw==",
      "cpu": [
        "arm64"
      ],
      "dev": true,
      "license": "MIT",
      "optional": true,
      "os": [
        "darwin"
      ]
    },
    "node_modules/@amritk/nish-aarch64-linux": {
      "version": "0.11.0",
      "resolved": "https://registry.npmjs.org/@amritk/nish-aarch64-linux/-/nish-aarch64-linux-0.11.0.tgz",
      "integrity": "sha512-wNxSrNdHcAbHvQAGRbJzTyWko7coL36TI2KgAgVFHzHohiyjojcvTSj4H/5blHUycCwq+C068Nz+nAspJC0Xzw==",
      "cpu": [
        "arm64"
      ],
      "dev": true,
      "license": "MIT",
      "optional": true,
      "os": [
        "linux"
      ]
    },
    "node_modules/@amritk/nish-x86_64-darwin": {
      "version": "0.11.0",
      "resolved": "https://registry.npmjs.org/@amritk/nish-x86_64-darwin/-/nish-x86_64-darwin-0.11.0.tgz",
      "integrity": "sha512-KPMVxB5ezATFqJJtt8C4XhPu2Dxkz3vW9rF5QLFSV3rlD4AiB1XPzq8tmXpccKV+sWW1m7k5fTt3svMmZQHTSA==",
      "cpu": [
        "x64"
      ],
      "dev": true,
      "license": "MIT",
      "optional": true,
      "os": [
        "darwin"
      ]
    },
    "node_modules/@amritk/nish-x86_64-linux": {
      "version": "0.11.0",
      "resolved": "https://registry.npmjs.org/@amritk/nish-x86_64-linux/-/nish-x86_64-linux-0.11.0.tgz",
      "integrity": "sha512-UEI36yjZYuT4daNLmXYRxeBL25HB09Jbk9BefWVwBUoFU3LF7SFtAHVyCfcbCUkRrDcqNQvb7qvtMV/v7GNIrA==",
      "cpu": [
        "x64"
      ],
      "dev": true,
      "license": "MIT",
      "optional": true,
      "os": [
        "linux"
      ]
    }
  }
}
